
Microsoft Visual Studio Solution File, Format Version 12.00
# Visual Studio Version 17
VisualStudioVersion = 17.13.35818.85 d17.13
MinimumVisualStudioVersion = 10.0.40219.1
Project("{8BC9CEB8-8B4A-11D0-8D11-00A0C91BC942}") = "C++ Day3", "C++ Day3.vcxproj", "{4D563A93-5C31-40C1-9D7D-F60E4E20FCC8}"
EndProject
Global
	GlobalSection(SolutionConfigurationPlatforms) = preSolution
		Debug|x64 = Debug|x64
		Debug|x86 = Debug|x86
		Release|x64 = Release|x64
		Release|x86 = Release|x86
	EndGlobalSection
	GlobalSection(ProjectConfigurationPlatforms) = postSolution
		{4D563A93-5C31-40C1-9D7D-F60E4E20FCC8}.Debug|x64.ActiveCfg = Debug|x64
		{4D563A93-5C31-40C1-9D7D-F60E4E20FCC8}.Debug|x64.Build.0 = Debug|x64
		{4D563A93-5C31-40C1-9D7D-F60E4E20FCC8}.Debug|x86.ActiveCfg = Debug|Win32
		{4D563A93-5C31-40C1-9D7D-F60E4E20FCC8}.Debug|x86.Build.0 = Debug|Win32
		{4D563A93-5C31-40C1-9D7D-F60E4E20FCC8}.Release|x64.ActiveCfg = Release|x64
		{4D563A93-5C31-40C1-9D7D-F60E4E20FCC8}.Release|x64.Build.0 = Release|x64
		{4D563A93-5C31-40C1-9D7D-F60E4E20FCC8}.Release|x86.ActiveCfg = Release|Win32
		{4D563A93-5C31-40C1-9D7D-F60E4E20FCC8}.Release|x86.Build.0 = Release|Win32
	EndGlobalSection
	GlobalSection(SolutionProperties) = preSolution
		HideSolutionNode = FALSE
	EndGlobalSection
	GlobalSection(ExtensibilityGlobals) = postSolution
		SolutionGuid = {B9B20432-F7C4-42E4-B5AA-08FAF37E4A29}
	EndGlobalSection
EndGlobal
